
Microsoft Visual Studio Solution File, Format Version 12.00
# Visual Studio 2012
Project("{FAE04EC0-301F-11D3-BF4B-00C04F79EFBC}") = "co-op-engine", "co-op-engine\co-op-engine.csproj", "{1238F14A-6978-4F34-A179-94C1B9740ED0}"
EndProject
Project("{FAE04EC0-301F-11D3-BF4B-00C04F79EFBC}") = "ReferenceMaterial", "ReferenceMaterial\ReferenceMaterial.csproj", "{0CEEA159-70FF-47FE-826C-D34489477785}"
EndProject
Project("{FAE04EC0-301F-11D3-BF4B-00C04F79EFBC}") = "DevTools", "DevTools\DevTools.csproj", "{1D88E321-5E3E-4F9D-93C7-CE99907F6F5B}"
EndProject
Global
	GlobalSection(SolutionConfigurationPlatforms) = preSolution
		Android|Any CPU = Android|Any CPU
		Android|Mixed Platforms = Android|Mixed Platforms
		Android|x86 = Android|x86
		Debug|Any CPU = Debug|Any CPU
		Debug|Mixed Platforms = Debug|Mixed Platforms
		Debug|x86 = Debug|x86
		iOS|Any CPU = iOS|Any CPU
		iOS|Mixed Platforms = iOS|Mixed Platforms
		iOS|x86 = iOS|x86
		Linux|Any CPU = Linux|Any CPU
		Linux|Mixed Platforms = Linux|Mixed Platforms
		Linux|x86 = Linux|x86
		OSX|Any CPU = OSX|Any CPU
		OSX|Mixed Platforms = OSX|Mixed Platforms
		OSX|x86 = OSX|x86
		PSM|Any CPU = PSM|Any CPU
		PSM|Mixed Platforms = PSM|Mixed Platforms
		PSM|x86 = PSM|x86
		Release|Any CPU = Release|Any CPU
		Release|Mixed Platforms = Release|Mixed Platforms
		Release|x86 = Release|x86
		Windows|Any CPU = Windows|Any CPU
		Windows|Mixed Platforms = Windows|Mixed Platforms
		Windows|x86 = Windows|x86
		Windows8|Any CPU = Windows8|Any CPU
		Windows8|Mixed Platforms = Windows8|Mixed Platforms
		Windows8|x86 = Windows8|x86
	EndGlobalSection
	GlobalSection(ProjectConfigurationPlatforms) = postSolution
		{1238F14A-6978-4F34-A179-94C1B9740ED0}.Android|Any CPU.ActiveCfg = Release|x86
		{1238F14A-6978-4F34-A179-94C1B9740ED0}.Android|Mixed Platforms.ActiveCfg = Release|x86
		{1238F14A-6978-4F34-A179-94C1B9740ED0}.Android|Mixed Platforms.Build.0 = Release|x86
		{1238F14A-6978-4F34-A179-94C1B9740ED0}.Android|x86.ActiveCfg = Release|x86
		{1238F14A-6978-4F34-A179-94C1B9740ED0}.Android|x86.Build.0 = Release|x86
		{1238F14A-6978-4F34-A179-94C1B9740ED0}.Debug|Any CPU.ActiveCfg = Debug|x86
		{1238F14A-6978-4F34-A179-94C1B9740ED0}.Debug|Mixed Platforms.ActiveCfg = Debug|x86
		{1238F14A-6978-4F34-A179-94C1B9740ED0}.Debug|Mixed Platforms.Build.0 = Debug|x86
		{1238F14A-6978-4F34-A179-94C1B9740ED0}.Debug|x86.ActiveCfg = Debug|x86
		{1238F14A-6978-4F34-A179-94C1B9740ED0}.Debug|x86.Build.0 = Debug|x86
		{1238F14A-6978-4F34-A179-94C1B9740ED0}.iOS|Any CPU.ActiveCfg = Release|x86
		{1238F14A-6978-4F34-A179-94C1B9740ED0}.iOS|Mixed Platforms.ActiveCfg = Release|x86
		{1238F14A-6978-4F34-A179-94C1B9740ED0}.iOS|Mixed Platforms.Build.0 = Release|x86
		{1238F14A-6978-4F34-A179-94C1B9740ED0}.iOS|x86.ActiveCfg = Release|x86
		{1238F14A-6978-4F34-A179-94C1B9740ED0}.iOS|x86.Build.0 = Release|x86
		{1238F14A-6978-4F34-A179-94C1B9740ED0}.Linux|Any CPU.ActiveCfg = Release|x86
		{1238F14A-6978-4F34-A179-94C1B9740ED0}.Linux|Mixed Platforms.ActiveCfg = Release|x86
		{1238F14A-6978-4F34-A179-94C1B9740ED0}.Linux|Mixed Platforms.Build.0 = Release|x86
		{1238F14A-6978-4F34-A179-94C1B9740ED0}.Linux|x86.ActiveCfg = Release|x86
		{1238F14A-6978-4F34-A179-94C1B9740ED0}.Linux|x86.Build.0 = Release|x86
		{1238F14A-6978-4F34-A179-94C1B9740ED0}.OSX|Any CPU.ActiveCfg = Release|x86
		{1238F14A-6978-4F34-A179-94C1B9740ED0}.OSX|Mixed Platforms.ActiveCfg = Release|x86
		{1238F14A-6978-4F34-A179-94C1B9740ED0}.OSX|Mixed Platforms.Build.0 = Release|x86
		{1238F14A-6978-4F34-A179-94C1B9740ED0}.OSX|x86.ActiveCfg = Release|x86
		{1238F14A-6978-4F34-A179-94C1B9740ED0}.OSX|x86.Build.0 = Release|x86
		{1238F14A-6978-4F34-A179-94C1B9740ED0}.PSM|Any CPU.ActiveCfg = Release|x86
		{1238F14A-6978-4F34-A179-94C1B9740ED0}.PSM|Mixed Platforms.ActiveCfg = Release|x86
		{1238F14A-6978-4F34-A179-94C1B9740ED0}.PSM|Mixed Platforms.Build.0 = Release|x86
		{1238F14A-6978-4F34-A179-94C1B9740ED0}.PSM|x86.ActiveCfg = Release|x86
		{1238F14A-6978-4F34-A179-94C1B9740ED0}.PSM|x86.Build.0 = Release|x86
		{1238F14A-6978-4F34-A179-94C1B9740ED0}.Release|Any CPU.ActiveCfg = Release|x86
		{1238F14A-6978-4F34-A179-94C1B9740ED0}.Release|Mixed Platforms.ActiveCfg = Release|x86
		{1238F14A-6978-4F34-A179-94C1B9740ED0}.Release|Mixed Platforms.Build.0 = Release|x86
		{1238F14A-6978-4F34-A179-94C1B9740ED0}.Release|x86.ActiveCfg = Release|x86
		{1238F14A-6978-4F34-A179-94C1B9740ED0}.Release|x86.Build.0 = Release|x86
		{1238F14A-6978-4F34-A179-94C1B9740ED0}.Windows|Any CPU.ActiveCfg = Release|x86
		{1238F14A-6978-4F34-A179-94C1B9740ED0}.Windows|Mixed Platforms.ActiveCfg = Release|x86
		{1238F14A-6978-4F34-A179-94C1B9740ED0}.Windows|Mixed Platforms.Build.0 = Release|x86
		{1238F14A-6978-4F34-A179-94C1B9740ED0}.Windows|x86.ActiveCfg = Release|x86
		{1238F14A-6978-4F34-A179-94C1B9740ED0}.Windows|x86.Build.0 = Release|x86
		{1238F14A-6978-4F34-A179-94C1B9740ED0}.Windows8|Any CPU.ActiveCfg = Release|x86
		{1238F14A-6978-4F34-A179-94C1B9740ED0}.Windows8|Mixed Platforms.ActiveCfg = Release|x86
		{1238F14A-6978-4F34-A179-94C1B9740ED0}.Windows8|Mixed Platforms.Build.0 = Release|x86
		{1238F14A-6978-4F34-A179-94C1B9740ED0}.Windows8|x86.ActiveCfg = Release|x86
		{1238F14A-6978-4F34-A179-94C1B9740ED0}.Windows8|x86.Build.0 = Release|x86
		{0CEEA159-70FF-47FE-826C-D34489477785}.Android|Any CPU.ActiveCfg = Release|Any CPU
		{0CEEA159-70FF-47FE-826C-D34489477785}.Android|Any CPU.Build.0 = Release|Any CPU
		{0CEEA159-70FF-47FE-826C-D34489477785}.Android|Mixed Platforms.ActiveCfg = Release|Any CPU
		{0CEEA159-70FF-47FE-826C-D34489477785}.Android|Mixed Platforms.Build.0 = Release|Any CPU
		{0CEEA159-70FF-47FE-826C-D34489477785}.Android|x86.ActiveCfg = Release|Any CPU
		{0CEEA159-70FF-47FE-826C-D34489477785}.Debug|Any CPU.ActiveCfg = Debug|Any CPU
		{0CEEA159-70FF-47FE-826C-D34489477785}.Debug|Any CPU.Build.0 = Debug|Any CPU
		{0CEEA159-70FF-47FE-826C-D34489477785}.Debug|Mixed Platforms.ActiveCfg = Debug|Any CPU
		{0CEEA159-70FF-47FE-826C-D34489477785}.Debug|Mixed Platforms.Build.0 = Debug|Any CPU
		{0CEEA159-70FF-47FE-826C-D34489477785}.Debug|x86.ActiveCfg = Debug|Any CPU
		{0CEEA159-70FF-47FE-826C-D34489477785}.iOS|Any CPU.ActiveCfg = Release|Any CPU
		{0CEEA159-70FF-47FE-826C-D34489477785}.iOS|Any CPU.Build.0 = Release|Any CPU
		{0CEEA159-70FF-47FE-826C-D34489477785}.iOS|Mixed Platforms.ActiveCfg = Release|Any CPU
		{0CEEA159-70FF-47FE-826C-D34489477785}.iOS|Mixed Platforms.Build.0 = Release|Any CPU
		{0CEEA159-70FF-47FE-826C-D34489477785}.iOS|x86.ActiveCfg = Release|Any CPU
		{0CEEA159-70FF-47FE-826C-D34489477785}.Linux|Any CPU.ActiveCfg = Release|Any CPU
		{0CEEA159-70FF-47FE-826C-D34489477785}.Linux|Any CPU.Build.0 = Release|Any CPU
		{0CEEA159-70FF-47FE-826C-D34489477785}.Linux|Mixed Platforms.ActiveCfg = Release|Any CPU
		{0CEEA159-70FF-47FE-826C-D34489477785}.Linux|Mixed Platforms.Build.0 = Release|Any CPU
		{0CEEA159-70FF-47FE-826C-D34489477785}.Linux|x86.ActiveCfg = Release|Any CPU
		{0CEEA159-70FF-47FE-826C-D34489477785}.OSX|Any CPU.ActiveCfg = Release|Any CPU
		{0CEEA159-70FF-47FE-826C-D34489477785}.OSX|Any CPU.Build.0 = Release|Any CPU
		{0CEEA159-70FF-47FE-826C-D34489477785}.OSX|Mixed Platforms.ActiveCfg = Release|Any CPU
		{0CEEA159-70FF-47FE-826C-D34489477785}.OSX|Mixed Platforms.Build.0 = Release|Any CPU
		{0CEEA159-70FF-47FE-826C-D34489477785}.OSX|x86.ActiveCfg = Release|Any CPU
		{0CEEA159-70FF-47FE-826C-D34489477785}.PSM|Any CPU.ActiveCfg = Release|Any CPU
		{0CEEA159-70FF-47FE-826C-D34489477785}.PSM|Any CPU.Build.0 = Release|Any CPU
		{0CEEA159-70FF-47FE-826C-D34489477785}.PSM|Mixed Platforms.ActiveCfg = Release|Any CPU
		{0CEEA159-70FF-47FE-826C-D34489477785}.PSM|Mixed Platforms.Build.0 = Release|Any CPU
		{0CEEA159-70FF-47FE-826C-D34489477785}.PSM|x86.ActiveCfg = Release|Any CPU
		{0CEEA159-70FF-47FE-826C-D34489477785}.Release|Any CPU.ActiveCfg = Release|Any CPU
		{0CEEA159-70FF-47FE-826C-D34489477785}.Release|Any CPU.Build.0 = Release|Any CPU
		{0CEEA159-70FF-47FE-826C-D34489477785}.Release|Mixed Platforms.ActiveCfg = Release|Any CPU
		{0CEEA159-70FF-47FE-826C-D34489477785}.Release|Mixed Platforms.Build.0 = Release|Any CPU
		{0CEEA159-70FF-47FE-826C-D34489477785}.Release|x86.ActiveCfg = Release|Any CPU
		{0CEEA159-70FF-47FE-826C-D34489477785}.Windows|Any CPU.ActiveCfg = Release|Any CPU
		{0CEEA159-70FF-47FE-826C-D34489477785}.Windows|Any CPU.Build.0 = Release|Any CPU
		{0CEEA159-70FF-47FE-826C-D34489477785}.Windows|Mixed Platforms.ActiveCfg = Release|Any CPU
		{0CEEA159-70FF-47FE-826C-D34489477785}.Windows|Mixed Platforms.Build.0 = Release|Any CPU
		{0CEEA159-70FF-47FE-826C-D34489477785}.Windows|x86.ActiveCfg = Release|Any CPU
		{0CEEA159-70FF-47FE-826C-D34489477785}.Windows8|Any CPU.ActiveCfg = Release|Any CPU
		{0CEEA159-70FF-47FE-826C-D34489477785}.Windows8|Any CPU.Build.0 = Release|Any CPU
		{0CEEA159-70FF-47FE-826C-D34489477785}.Windows8|Mixed Platforms.ActiveCfg = Release|Any CPU
		{0CEEA159-70FF-47FE-826C-D34489477785}.Windows8|Mixed Platforms.Build.0 = Release|Any CPU
		{0CEEA159-70FF-47FE-826C-D34489477785}.Windows8|x86.ActiveCfg = Release|Any CPU
		{1D88E321-5E3E-4F9D-93C7-CE99907F6F5B}.Android|Any CPU.ActiveCfg = Release|Any CPU
		{1D88E321-5E3E-4F9D-93C7-CE99907F6F5B}.Android|Any CPU.Build.0 = Release|Any CPU
		{1D88E321-5E3E-4F9D-93C7-CE99907F6F5B}.Android|Mixed Platforms.ActiveCfg = Release|Any CPU
		{1D88E321-5E3E-4F9D-93C7-CE99907F6F5B}.Android|Mixed Platforms.Build.0 = Release|Any CPU
		{1D88E321-5E3E-4F9D-93C7-CE99907F6F5B}.Android|x86.ActiveCfg = Release|Any CPU
		{1D88E321-5E3E-4F9D-93C7-CE99907F6F5B}.Debug|Any CPU.ActiveCfg = Debug|Any CPU
		{1D88E321-5E3E-4F9D-93C7-CE99907F6F5B}.Debug|Any CPU.Build.0 = Debug|Any CPU
		{1D88E321-5E3E-4F9D-93C7-CE99907F6F5B}.Debug|Mixed Platforms.ActiveCfg = Debug|Any CPU
		{1D88E321-5E3E-4F9D-93C7-CE99907F6F5B}.Debug|Mixed Platforms.Build.0 = Debug|Any CPU
		{1D88E321-5E3E-4F9D-93C7-CE99907F6F5B}.Debug|x86.ActiveCfg = Debug|Any CPU
		{1D88E321-5E3E-4F9D-93C7-CE99907F6F5B}.iOS|Any CPU.ActiveCfg = Release|Any CPU
		{1D88E321-5E3E-4F9D-93C7-CE99907F6F5B}.iOS|Any CPU.Build.0 = Release|Any CPU
		{1D88E321-5E3E-4F9D-93C7-CE99907F6F5B}.iOS|Mixed Platforms.ActiveCfg = Release|Any CPU
		{1D88E321-5E3E-4F9D-93C7-CE99907F6F5B}.iOS|Mixed Platforms.Build.0 = Release|Any CPU
		{1D88E321-5E3E-4F9D-93C7-CE99907F6F5B}.iOS|x86.ActiveCfg = Release|Any CPU
		{1D88E321-5E3E-4F9D-93C7-CE99907F6F5B}.Linux|Any CPU.ActiveCfg = Release|Any CPU
		{1D88E321-5E3E-4F9D-93C7-CE99907F6F5B}.Linux|Any CPU.Build.0 = Release|Any CPU
		{1D88E321-5E3E-4F9D-93C7-CE99907F6F5B}.Linux|Mixed Platforms.ActiveCfg = Release|Any CPU
		{1D88E321-5E3E-4F9D-93C7-CE99907F6F5B}.Linux|Mixed Platforms.Build.0 = Release|Any CPU
		{1D88E321-5E3E-4F9D-93C7-CE99907F6F5B}.Linux|x86.ActiveCfg = Release|Any CPU
		{1D88E321-5E3E-4F9D-93C7-CE99907F6F5B}.OSX|Any CPU.ActiveCfg = Release|Any CPU
		{1D88E321-5E3E-4F9D-93C7-CE99907F6F5B}.OSX|Any CPU.Build.0 = Release|Any CPU
		{1D88E321-5E3E-4F9D-93C7-CE99907F6F5B}.OSX|Mixed Platforms.ActiveCfg = Release|Any CPU
		{1D88E321-5E3E-4F9D-93C7-CE99907F6F5B}.OSX|Mixed Platforms.Build.0 = Release|Any CPU
		{1D88E321-5E3E-4F9D-93C7-CE99907F6F5B}.OSX|x86.ActiveCfg = Release|Any CPU
		{1D88E321-5E3E-4F9D-93C7-CE99907F6F5B}.PSM|Any CPU.ActiveCfg = Release|Any CPU
		{1D88E321-5E3E-4F9D-93C7-CE99907F6F5B}.PSM|Any CPU.Build.0 = Release|Any CPU
		{1D88E321-5E3E-4F9D-93C7-CE99907F6F5B}.PSM|Mixed Platforms.ActiveCfg = Release|Any CPU
		{1D88E321-5E3E-4F9D-93C7-CE99907F6F5B}.PSM|Mixed Platforms.Build.0 = Release|Any CPU
		{1D88E321-5E3E-4F9D-93C7-CE99907F6F5B}.PSM|x86.ActiveCfg = Release|Any CPU
		{1D88E321-5E3E-4F9D-93C7-CE99907F6F5B}.Release|Any CPU.ActiveCfg = Release|Any CPU
		{1D88E321-5E3E-4F9D-93C7-CE99907F6F5B}.Release|Any CPU.Build.0 = Release|Any CPU
		{1D88E321-5E3E-4F9D-93C7-CE99907F6F5B}.Release|Mixed Platforms.ActiveCfg = Release|Any CPU
		{1D88E321-5E3E-4F9D-93C7-CE99907F6F5B}.Release|Mixed Platforms.Build.0 = Release|Any CPU
		{1D88E321-5E3E-4F9D-93C7-CE99907F6F5B}.Release|x86.ActiveCfg = Release|Any CPU
		{1D88E321-5E3E-4F9D-93C7-CE99907F6F5B}.Windows|Any CPU.ActiveCfg = Release|Any CPU
		{1D88E321-5E3E-4F9D-93C7-CE99907F6F5B}.Windows|Any CPU.Build.0 = Release|Any CPU
		{1D88E321-5E3E-4F9D-93C7-CE99907F6F5B}.Windows|Mixed Platforms.ActiveCfg = Release|Any CPU
		{1D88E321-5E3E-4F9D-93C7-CE99907F6F5B}.Windows|Mixed Platforms.Build.0 = Release|Any CPU
		{1D88E321-5E3E-4F9D-93C7-CE99907F6F5B}.Windows|x86.ActiveCfg = Release|Any CPU
		{1D88E321-5E3E-4F9D-93C7-CE99907F6F5B}.Windows8|Any CPU.ActiveCfg = Release|Any CPU
		{1D88E321-5E3E-4F9D-93C7-CE99907F6F5B}.Windows8|Any CPU.Build.0 = Release|Any CPU
		{1D88E321-5E3E-4F9D-93C7-CE99907F6F5B}.Windows8|Mixed Platforms.ActiveCfg = Release|Any CPU
		{1D88E321-5E3E-4F9D-93C7-CE99907F6F5B}.Windows8|Mixed Platforms.Build.0 = Release|Any CPU
		{1D88E321-5E3E-4F9D-93C7-CE99907F6F5B}.Windows8|x86.ActiveCfg = Release|Any CPU
	EndGlobalSection
	GlobalSection(SolutionProperties) = preSolution
		HideSolutionNode = FALSE
	EndGlobalSection
EndGlobal
